{
  "object": {
    "pins": [
      {
        "package": "BSWebView",
        "repositoryURL": "https://gitlab.com/bs-libraries/bs_webview",
        "state": {
          "branch": "feature/support-target-blank",
          "revision": "70ee38348c9c7624bd625ecc92ec85bcc5500918",
          "version": null
        }
      }
    ]
  },
  "version": 1
}
