{
  "object": {
    "pins": [
      {
        "package": "BSWebView",
        "repositoryURL": "https://gitlab.com/bs-libraries/bs_webview",
        "state": {
          "branch": "feature/support-target-blank",
          "revision": "221d53340a688ec5c036c186031d182001323ed1",
          "version": null
        }
      }
    ]
  },
  "version": 1
}
